
Microsoft Visual Studio Solution File, Format Version 12.00
# Visual Studio Version 17
VisualStudioVersion = 17.14.36429.23
MinimumVisualStudioVersion = 10.0.40219.1
Project("{FAE04EC0-301F-11D3-BF4B-00C04F79EFBC}") = "Users.API", "Users.API\Users.API.csproj", "{CE7AF160-17B9-4CB1-BE53-786C62A9F852}"
EndProject
Project("{FAE04EC0-301F-11D3-BF4B-00C04F79EFBC}") = "Users.Domain", "Users.Domain\Users.Domain.csproj", "{E5E31913-9384-4F8A-A4F3-79E12947F7DD}"
EndProject
Project("{FAE04EC0-301F-11D3-BF4B-00C04F79EFBC}") = "Users.Infrastructure", "Users.Infrastructure\Users.Infrastructure.csproj", "{825EA7CE-B036-4370-BC44-2EF3DDAA613F}"
EndProject
Project("{FAE04EC0-301F-11D3-BF4B-00C04F79EFBC}") = "Users.Application", "Users.Application\Users.Application.csproj", "{F977A5F7-19E8-4755-87FE-241E795FB2DA}"
EndProject
Global
	GlobalSection(SolutionConfigurationPlatforms) = preSolution
		Debug|Any CPU = Debug|Any CPU
		Release|Any CPU = Release|Any CPU
	EndGlobalSection
	GlobalSection(ProjectConfigurationPlatforms) = postSolution
		{CE7AF160-17B9-4CB1-BE53-786C62A9F852}.Debug|Any CPU.ActiveCfg = Debug|Any CPU
		{CE7AF160-17B9-4CB1-BE53-786C62A9F852}.Debug|Any CPU.Build.0 = Debug|Any CPU
		{CE7AF160-17B9-4CB1-BE53-786C62A9F852}.Release|Any CPU.ActiveCfg = Release|Any CPU
		{CE7AF160-17B9-4CB1-BE53-786C62A9F852}.Release|Any CPU.Build.0 = Release|Any CPU
		{E5E31913-9384-4F8A-A4F3-79E12947F7DD}.Debug|Any CPU.ActiveCfg = Debug|Any CPU
		{E5E31913-9384-4F8A-A4F3-79E12947F7DD}.Debug|Any CPU.Build.0 = Debug|Any CPU
		{E5E31913-9384-4F8A-A4F3-79E12947F7DD}.Release|Any CPU.ActiveCfg = Release|Any CPU
		{E5E31913-9384-4F8A-A4F3-79E12947F7DD}.Release|Any CPU.Build.0 = Release|Any CPU
		{825EA7CE-B036-4370-BC44-2EF3DDAA613F}.Debug|Any CPU.ActiveCfg = Debug|Any CPU
		{825EA7CE-B036-4370-BC44-2EF3DDAA613F}.Debug|Any CPU.Build.0 = Debug|Any CPU
		{825EA7CE-B036-4370-BC44-2EF3DDAA613F}.Release|Any CPU.ActiveCfg = Release|Any CPU
		{825EA7CE-B036-4370-BC44-2EF3DDAA613F}.Release|Any CPU.Build.0 = Release|Any CPU
		{F977A5F7-19E8-4755-87FE-241E795FB2DA}.Debug|Any CPU.ActiveCfg = Debug|Any CPU
		{F977A5F7-19E8-4755-87FE-241E795FB2DA}.Debug|Any CPU.Build.0 = Debug|Any CPU
		{F977A5F7-19E8-4755-87FE-241E795FB2DA}.Release|Any CPU.ActiveCfg = Release|Any CPU
		{F977A5F7-19E8-4755-87FE-241E795FB2DA}.Release|Any CPU.Build.0 = Release|Any CPU
	EndGlobalSection
	GlobalSection(SolutionProperties) = preSolution
		HideSolutionNode = FALSE
	EndGlobalSection
	GlobalSection(ExtensibilityGlobals) = postSolution
		SolutionGuid = {E3455352-A8FD-4FDE-86F6-4D5BF5DB83E8}
	EndGlobalSection
EndGlobal
